{
  "pins" : [
    {
      "identity" : "alamofire",
      "kind" : "remoteSourceControl",
      "location" : "https://github.com/Alamofire/Alamofire.git",
      "state" : {
        "revision" : "bc268c28fb170f494de9e9927c371b8342979ece",
        "version" : "5.7.1"
      }
    },
    {
      "identity" : "cuckoo",
      "kind" : "remoteSourceControl",
      "location" : "https://github.com/Brightify/Cuckoo.git",
      "state" : {
        "revision" : "475322e609d009c284464c886ca08cfe421137a9",
        "version" : "1.10.3"
      }
    },
    {
      "identity" : "factory",
      "kind" : "remoteSourceControl",
      "location" : "https://github.com/hmlongco/Factory",
      "state" : {
        "revision" : "061b3afe0358a0da7ce568f8272c847910be3dd7",
        "version" : "2.2.0"
      }
    },
    {
      "identity" : "kingfisher",
      "kind" : "remoteSourceControl",
      "location" : "https://github.com/onevcat/Kingfisher",
      "state" : {
        "revision" : "c75584ac759cbb16b204d0a7de3ebf53ea6b304d",
        "version" : "7.9.0"
      }
    },
    {
      "identity" : "willow",
      "kind" : "remoteSourceControl",
      "location" : "https://github.com/Nike-Inc/Willow.git",
      "state" : {
        "revision" : "25fa213596658d0e47ac1a4e598daaf9ca7e479a",
        "version" : "6.1.0"
      }
    }
  ],
  "version" : 2
}
